
Microsoft Visual Studio Solution File, Format Version 12.00
# Visual Studio Version 17
VisualStudioVersion = 17.4.33213.308
MinimumVisualStudioVersion = 10.0.40219.1
Project("{FAE04EC0-301F-11D3-BF4B-00C04F79EFBC}") = "Functions", "Functions\Functions.csproj", "{68A6D0C3-750E-424E-AD0E-8DD9E4A6C602}"
EndProject
Project("{FAE04EC0-301F-11D3-BF4B-00C04F79EFBC}") = "ArgumentsAndParameters", "ArgumentsAndParameters\ArgumentsAndParameters.csproj", "{62617E79-E9D3-4A61-B001-1AE7C4D3A58E}"
EndProject
Project("{FAE04EC0-301F-11D3-BF4B-00C04F79EFBC}") = "Calculator", "Calculator\Calculator.csproj", "{5286C4D7-C57A-4FC4-BD09-0E9D18222EB3}"
EndProject
Project("{FAE04EC0-301F-11D3-BF4B-00C04F79EFBC}") = "DiscountCalculator", "DiscountCalculator\DiscountCalculator.csproj", "{841A3489-713B-41D7-A91E-4045EDC7F7D4}"
EndProject
Project("{FAE04EC0-301F-11D3-BF4B-00C04F79EFBC}") = "Test", "Test\Test.csproj", "{4DA6D1B1-4971-4507-BFF4-14B8152D4B96}"
EndProject
Global
	GlobalSection(SolutionConfigurationPlatforms) = preSolution
		Debug|Any CPU = Debug|Any CPU
		Release|Any CPU = Release|Any CPU
	EndGlobalSection
	GlobalSection(ProjectConfigurationPlatforms) = postSolution
		{68A6D0C3-750E-424E-AD0E-8DD9E4A6C602}.Debug|Any CPU.ActiveCfg = Debug|Any CPU
		{68A6D0C3-750E-424E-AD0E-8DD9E4A6C602}.Debug|Any CPU.Build.0 = Debug|Any CPU
		{68A6D0C3-750E-424E-AD0E-8DD9E4A6C602}.Release|Any CPU.ActiveCfg = Release|Any CPU
		{68A6D0C3-750E-424E-AD0E-8DD9E4A6C602}.Release|Any CPU.Build.0 = Release|Any CPU
		{62617E79-E9D3-4A61-B001-1AE7C4D3A58E}.Debug|Any CPU.ActiveCfg = Debug|Any CPU
		{62617E79-E9D3-4A61-B001-1AE7C4D3A58E}.Debug|Any CPU.Build.0 = Debug|Any CPU
		{62617E79-E9D3-4A61-B001-1AE7C4D3A58E}.Release|Any CPU.ActiveCfg = Release|Any CPU
		{62617E79-E9D3-4A61-B001-1AE7C4D3A58E}.Release|Any CPU.Build.0 = Release|Any CPU
		{5286C4D7-C57A-4FC4-BD09-0E9D18222EB3}.Debug|Any CPU.ActiveCfg = Debug|Any CPU
		{5286C4D7-C57A-4FC4-BD09-0E9D18222EB3}.Debug|Any CPU.Build.0 = Debug|Any CPU
		{5286C4D7-C57A-4FC4-BD09-0E9D18222EB3}.Release|Any CPU.ActiveCfg = Release|Any CPU
		{5286C4D7-C57A-4FC4-BD09-0E9D18222EB3}.Release|Any CPU.Build.0 = Release|Any CPU
		{841A3489-713B-41D7-A91E-4045EDC7F7D4}.Debug|Any CPU.ActiveCfg = Debug|Any CPU
		{841A3489-713B-41D7-A91E-4045EDC7F7D4}.Debug|Any CPU.Build.0 = Debug|Any CPU
		{841A3489-713B-41D7-A91E-4045EDC7F7D4}.Release|Any CPU.ActiveCfg = Release|Any CPU
		{841A3489-713B-41D7-A91E-4045EDC7F7D4}.Release|Any CPU.Build.0 = Release|Any CPU
		{4DA6D1B1-4971-4507-BFF4-14B8152D4B96}.Debug|Any CPU.ActiveCfg = Debug|Any CPU
		{4DA6D1B1-4971-4507-BFF4-14B8152D4B96}.Debug|Any CPU.Build.0 = Debug|Any CPU
		{4DA6D1B1-4971-4507-BFF4-14B8152D4B96}.Release|Any CPU.ActiveCfg = Release|Any CPU
		{4DA6D1B1-4971-4507-BFF4-14B8152D4B96}.Release|Any CPU.Build.0 = Release|Any CPU
	EndGlobalSection
	GlobalSection(SolutionProperties) = preSolution
		HideSolutionNode = FALSE
	EndGlobalSection
	GlobalSection(ExtensibilityGlobals) = postSolution
		SolutionGuid = {1C9F64D4-3260-4D8E-89A1-F1AAA14E573C}
	EndGlobalSection
EndGlobal
